schema: '2.0'
stages:
  clean:
    cmd: uv run python src/clean.py
    deps:
    - path: data/raw/events.csv
      hash: md5
      md5: 431ff8b1e99f6c5ac0a423d9e37ac2a9
      size: 73240
    - path: src/clean.py
      hash: md5
      md5: 0e57611a5bf3993c232822ff2bab6deb
      size: 915
    outs:
    - path: data/clean/events.csv
      hash: md5
      md5: cc56f05e2d4730f74c2a28614ca44cf5
      size: 46280
  transform:
    cmd: uv run python src/transform.py
    deps:
    - path: data/clean/events.csv
      hash: md5
      md5: cc56f05e2d4730f74c2a28614ca44cf5
      size: 46280
    - path: src/transform.py
      hash: md5
      md5: c7d5c47bce08a955448adac5cd4d29c6
      size: 432
    outs:
    - path: data/transformed/events.csv
      hash: md5
      md5: 7fc64c325e8d6a4cf5bcc5acedd45f66
      size: 60431
  features:
    cmd: uv run python src/features.py
    deps:
    - path: data/transformed/events.csv
      hash: md5
      md5: 7fc64c325e8d6a4cf5bcc5acedd45f66
      size: 60431
    - path: src/features.py
      hash: md5
      md5: e058d01740762f711e522103f5242fb6
      size: 479
    outs:
    - path: data/features/events.csv
      hash: md5
      md5: f2fd0b1ae181879d249f4e50a8486fbd
      size: 89121
